
Microsoft Visual Studio Solution File, Format Version 12.00
# Visual Studio 15
VisualStudioVersion = 15.0.27703.2047
MinimumVisualStudioVersion = 10.0.40219.1
Project("{FAE04EC0-301F-11D3-BF4B-00C04F79EFBC}") = "DailyLab21", "DailyLab21\DailyLab21.csproj", "{FBDB0484-25E4-45D5-B456-229FBB704FC4}"
EndProject
Global
	GlobalSection(SolutionConfigurationPlatforms) = preSolution
		Debug|Any CPU = Debug|Any CPU
		Release|Any CPU = Release|Any CPU
	EndGlobalSection
	GlobalSection(ProjectConfigurationPlatforms) = postSolution
		{FBDB0484-25E4-45D5-B456-229FBB704FC4}.Debug|Any CPU.ActiveCfg = Debug|Any CPU
		{FBDB0484-25E4-45D5-B456-229FBB704FC4}.Debug|Any CPU.Build.0 = Debug|Any CPU
		{FBDB0484-25E4-45D5-B456-229FBB704FC4}.Release|Any CPU.ActiveCfg = Release|Any CPU
		{FBDB0484-25E4-45D5-B456-229FBB704FC4}.Release|Any CPU.Build.0 = Release|Any CPU
	EndGlobalSection
	GlobalSection(SolutionProperties) = preSolution
		HideSolutionNode = FALSE
	EndGlobalSection
	GlobalSection(ExtensibilityGlobals) = postSolution
		SolutionGuid = {3E98BC32-D3B1-479F-9F32-03D14078EBF8}
	EndGlobalSection
EndGlobal
